
Microsoft Visual Studio Solution File, Format Version 12.00
# Visual Studio Version 17
VisualStudioVersion = 17.3.32929.385
MinimumVisualStudioVersion = 10.0.40219.1
Project("{FAE04EC0-301F-11D3-BF4B-00C04F79EFBC}") = "Market app 22", "Market app 22\Market app 22.csproj", "{B6871B33-DAA7-4AC4-898D-B58C059C20AF}"
EndProject
Global
	GlobalSection(SolutionConfigurationPlatforms) = preSolution
		Debug|Any CPU = Debug|Any CPU
		Release|Any CPU = Release|Any CPU
	EndGlobalSection
	GlobalSection(ProjectConfigurationPlatforms) = postSolution
		{B6871B33-DAA7-4AC4-898D-B58C059C20AF}.Debug|Any CPU.ActiveCfg = Debug|Any CPU
		{B6871B33-DAA7-4AC4-898D-B58C059C20AF}.Debug|Any CPU.Build.0 = Debug|Any CPU
		{B6871B33-DAA7-4AC4-898D-B58C059C20AF}.Release|Any CPU.ActiveCfg = Release|Any CPU
		{B6871B33-DAA7-4AC4-898D-B58C059C20AF}.Release|Any CPU.Build.0 = Release|Any CPU
	EndGlobalSection
	GlobalSection(SolutionProperties) = preSolution
		HideSolutionNode = FALSE
	EndGlobalSection
	GlobalSection(ExtensibilityGlobals) = postSolution
		SolutionGuid = {A554A693-83B8-4CE7-8EF9-B1E9C999A75B}
	EndGlobalSection
EndGlobal
